
Microsoft Visual Studio Solution File, Format Version 12.00
# Visual Studio Version 16
VisualStudioVersion = 16.0.30907.101
MinimumVisualStudioVersion = 10.0.40219.1
Project("{FAE04EC0-301F-11D3-BF4B-00C04F79EFBC}") = "LabX", "LabX.csproj", "{D06A9AB7-864A-4D89-8F88-0D9ADF7E05F0}"
EndProject
Global
	GlobalSection(SolutionConfigurationPlatforms) = preSolution
		Debug|Any CPU = Debug|Any CPU
		Release|Any CPU = Release|Any CPU
	EndGlobalSection
	GlobalSection(ProjectConfigurationPlatforms) = postSolution
		{D06A9AB7-864A-4D89-8F88-0D9ADF7E05F0}.Debug|Any CPU.ActiveCfg = Debug|Any CPU
		{D06A9AB7-864A-4D89-8F88-0D9ADF7E05F0}.Debug|Any CPU.Build.0 = Debug|Any CPU
		{D06A9AB7-864A-4D89-8F88-0D9ADF7E05F0}.Release|Any CPU.ActiveCfg = Release|Any CPU
		{D06A9AB7-864A-4D89-8F88-0D9ADF7E05F0}.Release|Any CPU.Build.0 = Release|Any CPU
	EndGlobalSection
	GlobalSection(SolutionProperties) = preSolution
		HideSolutionNode = FALSE
	EndGlobalSection
	GlobalSection(ExtensibilityGlobals) = postSolution
		SolutionGuid = {A763362B-5DC5-4388-9F0F-886B84EA691B}
	EndGlobalSection
EndGlobal
